
Microsoft Visual Studio Solution File, Format Version 12.00
# Visual Studio Version 17
VisualStudioVersion = 17.14.36623.8 d17.14
MinimumVisualStudioVersion = 10.0.40219.1
Project("{FAE04EC0-301F-11D3-BF4B-00C04F79EFBC}") = "BinaScraperApp", "BinaScraperApp.csproj", "{DD026D89-E0C0-4351-BC8C-F99ED17B3FF3}"
EndProject
Global
	GlobalSection(SolutionConfigurationPlatforms) = preSolution
		Debug|Any CPU = Debug|Any CPU
		Release|Any CPU = Release|Any CPU
	EndGlobalSection
	GlobalSection(ProjectConfigurationPlatforms) = postSolution
		{DD026D89-E0C0-4351-BC8C-F99ED17B3FF3}.Debug|Any CPU.ActiveCfg = Debug|Any CPU
		{DD026D89-E0C0-4351-BC8C-F99ED17B3FF3}.Debug|Any CPU.Build.0 = Debug|Any CPU
		{DD026D89-E0C0-4351-BC8C-F99ED17B3FF3}.Release|Any CPU.ActiveCfg = Release|Any CPU
		{DD026D89-E0C0-4351-BC8C-F99ED17B3FF3}.Release|Any CPU.Build.0 = Release|Any CPU
	EndGlobalSection
	GlobalSection(SolutionProperties) = preSolution
		HideSolutionNode = FALSE
	EndGlobalSection
	GlobalSection(ExtensibilityGlobals) = postSolution
		SolutionGuid = {7EA083A9-3B1C-45E7-AE35-D3E239F4CDC3}
	EndGlobalSection
EndGlobal
